{
  "name": "astn-tokenizer-lib",
  "version": "0.17.0",
  "lockfileVersion": 2,
  "requires": true,
  "packages": {
    "": {
      "name": "astn-tokenizer-lib",
      "version": "0.17.0",
      "license": "ISC",
      "dependencies": {
        "api-astn-tokenconsumer": "^0.3.0",
        "api-pareto-ugly-stuff": "^0.8.0",
        "pareto-core-lib": "^0.12.0",
        "pareto-core-raw": "^0.3.0"
      }
    },
    "node_modules/api-astn-tokenconsumer": {
      "version": "0.3.0",
      "resolved": "https://registry.npmjs.org/api-astn-tokenconsumer/-/api-astn-tokenconsumer-0.3.0.tgz",
      "integrity": "sha512-KXYtGqSIr6/f+Ts58TrjPMaCbPttb8jftRFJqUyHxUSKHfcWGgn69jmVYpR8XZuWBIfuQHcz3Z1A9YXclh8iOw==",
      "dependencies": {
        "pareto-core-types": "^0.6.0"
      }
    },
    "node_modules/api-pareto-ugly-stuff": {
      "version": "0.8.0",
      "resolved": "https://registry.npmjs.org/api-pareto-ugly-stuff/-/api-pareto-ugly-stuff-0.8.0.tgz",
      "integrity": "sha512-VTvViD8EmcM2Di5FA3uk4YYmBGs64Sis8z90eZ6miwBSV3U1U5PmVnHfibNB0lObz5y+D7cQNwnMP/SfVp75zA==",
      "dependencies": {
        "pareto-core-state": "^0.7.0",
        "pareto-core-types": "^0.5.0"
      }
    },
    "node_modules/api-pareto-ugly-stuff/node_modules/pareto-core-types": {
      "version": "0.5.0",
      "resolved": "https://registry.npmjs.org/pareto-core-types/-/pareto-core-types-0.5.0.tgz",
      "integrity": "sha512-RgJ5V2Eg/E8wUtlXL0T+0oywXRubtBChdoKfdRctjExtmrU2UeWkIvrncbxe4k+pyMxO3eJ3NQ/58trkW7L+Cg=="
    },
    "node_modules/pareto-core-internals": {
      "version": "0.6.0",
      "resolved": "https://registry.npmjs.org/pareto-core-internals/-/pareto-core-internals-0.6.0.tgz",
      "integrity": "sha512-ZXHa+PC5n7Ij/ASupX9erNo0ToHzDarv7AMTLfryB/l8YN49W8ZcHqFp6AFayiamtdBEf6nOy24A4OwmPRCkaA==",
      "dependencies": {
        "pareto-core-types": "^0.5.0"
      }
    },
    "node_modules/pareto-core-internals/node_modules/pareto-core-types": {
      "version": "0.5.0",
      "resolved": "https://registry.npmjs.org/pareto-core-types/-/pareto-core-types-0.5.0.tgz",
      "integrity": "sha512-RgJ5V2Eg/E8wUtlXL0T+0oywXRubtBChdoKfdRctjExtmrU2UeWkIvrncbxe4k+pyMxO3eJ3NQ/58trkW7L+Cg=="
    },
    "node_modules/pareto-core-lib": {
      "version": "0.12.0",
      "resolved": "https://registry.npmjs.org/pareto-core-lib/-/pareto-core-lib-0.12.0.tgz",
      "integrity": "sha512-t8aAPpP0NadPa4umSeZRA/auwQGy+9vn5ez0VUT65m9ZQTuSSJzy2Mg2L8++vZ2VmtfHA3ssLbCYcbWsoJNdcw==",
      "dependencies": {
        "pareto-core-internals": "^0.6.0"
      }
    },
    "node_modules/pareto-core-raw": {
      "version": "0.3.0",
      "resolved": "https://registry.npmjs.org/pareto-core-raw/-/pareto-core-raw-0.3.0.tgz",
      "integrity": "sha512-LM1X9fZdnroE9SBNCRXusyKC7wuzjsvHMc4CVeVSGfPJAmY+cM1u0t80UFEj1Crd9szryxKguBZzBYpln+HSBA==",
      "dependencies": {
        "pareto-core-internals": "^0.6.0"
      }
    },
    "node_modules/pareto-core-state": {
      "version": "0.7.0",
      "resolved": "https://registry.npmjs.org/pareto-core-state/-/pareto-core-state-0.7.0.tgz",
      "integrity": "sha512-h2vcVZ6wW2UR1PdS8hOGaAc9NrThgRREWZuu7GOtzZsHKKy6v/UsaKy4Pg6hD5qEPuU9/Gl09as5qY+czodXew==",
      "dependencies": {
        "pareto-core-internals": "^0.6.0"
      }
    },
    "node_modules/pareto-core-types": {
      "version": "0.6.0",
      "resolved": "https://registry.npmjs.org/pareto-core-types/-/pareto-core-types-0.6.0.tgz",
      "integrity": "sha512-q9M6w+M6kgJBaroffQto9oRqsBKDpYI+JbJgO+7wVUx5QPew9kEsdevkNfjPPPWhq0grRg9Nj3t2gQy6wXyL2g=="
    }
  },
  "dependencies": {
    "api-astn-tokenconsumer": {
      "version": "0.3.0",
      "resolved": "https://registry.npmjs.org/api-astn-tokenconsumer/-/api-astn-tokenconsumer-0.3.0.tgz",
      "integrity": "sha512-KXYtGqSIr6/f+Ts58TrjPMaCbPttb8jftRFJqUyHxUSKHfcWGgn69jmVYpR8XZuWBIfuQHcz3Z1A9YXclh8iOw==",
      "requires": {
        "pareto-core-types": "^0.6.0"
      }
    },
    "api-pareto-ugly-stuff": {
      "version": "0.8.0",
      "resolved": "https://registry.npmjs.org/api-pareto-ugly-stuff/-/api-pareto-ugly-stuff-0.8.0.tgz",
      "integrity": "sha512-VTvViD8EmcM2Di5FA3uk4YYmBGs64Sis8z90eZ6miwBSV3U1U5PmVnHfibNB0lObz5y+D7cQNwnMP/SfVp75zA==",
      "requires": {
        "pareto-core-state": "^0.7.0",
        "pareto-core-types": "^0.5.0"
      },
      "dependencies": {
        "pareto-core-types": {
          "version": "0.5.0",
          "resolved": "https://registry.npmjs.org/pareto-core-types/-/pareto-core-types-0.5.0.tgz",
          "integrity": "sha512-RgJ5V2Eg/E8wUtlXL0T+0oywXRubtBChdoKfdRctjExtmrU2UeWkIvrncbxe4k+pyMxO3eJ3NQ/58trkW7L+Cg=="
        }
      }
    },
    "pareto-core-internals": {
      "version": "0.6.0",
      "resolved": "https://registry.npmjs.org/pareto-core-internals/-/pareto-core-internals-0.6.0.tgz",
      "integrity": "sha512-ZXHa+PC5n7Ij/ASupX9erNo0ToHzDarv7AMTLfryB/l8YN49W8ZcHqFp6AFayiamtdBEf6nOy24A4OwmPRCkaA==",
      "requires": {
        "pareto-core-types": "^0.5.0"
      },
      "dependencies": {
        "pareto-core-types": {
          "version": "0.5.0",
          "resolved": "https://registry.npmjs.org/pareto-core-types/-/pareto-core-types-0.5.0.tgz",
          "integrity": "sha512-RgJ5V2Eg/E8wUtlXL0T+0oywXRubtBChdoKfdRctjExtmrU2UeWkIvrncbxe4k+pyMxO3eJ3NQ/58trkW7L+Cg=="
        }
      }
    },
    "pareto-core-lib": {
      "version": "0.12.0",
      "resolved": "https://registry.npmjs.org/pareto-core-lib/-/pareto-core-lib-0.12.0.tgz",
      "integrity": "sha512-t8aAPpP0NadPa4umSeZRA/auwQGy+9vn5ez0VUT65m9ZQTuSSJzy2Mg2L8++vZ2VmtfHA3ssLbCYcbWsoJNdcw==",
      "requires": {
        "pareto-core-internals": "^0.6.0"
      }
    },
    "pareto-core-raw": {
      "version": "0.3.0",
      "resolved": "https://registry.npmjs.org/pareto-core-raw/-/pareto-core-raw-0.3.0.tgz",
      "integrity": "sha512-LM1X9fZdnroE9SBNCRXusyKC7wuzjsvHMc4CVeVSGfPJAmY+cM1u0t80UFEj1Crd9szryxKguBZzBYpln+HSBA==",
      "requires": {
        "pareto-core-internals": "^0.6.0"
      }
    },
    "pareto-core-state": {
      "version": "0.7.0",
      "resolved": "https://registry.npmjs.org/pareto-core-state/-/pareto-core-state-0.7.0.tgz",
      "integrity": "sha512-h2vcVZ6wW2UR1PdS8hOGaAc9NrThgRREWZuu7GOtzZsHKKy6v/UsaKy4Pg6hD5qEPuU9/Gl09as5qY+czodXew==",
      "requires": {
        "pareto-core-internals": "^0.6.0"
      }
    },
    "pareto-core-types": {
      "version": "0.6.0",
      "resolved": "https://registry.npmjs.org/pareto-core-types/-/pareto-core-types-0.6.0.tgz",
      "integrity": "sha512-q9M6w+M6kgJBaroffQto9oRqsBKDpYI+JbJgO+7wVUx5QPew9kEsdevkNfjPPPWhq0grRg9Nj3t2gQy6wXyL2g=="
    }
  }
}
