{
  "name": "pub",
  "lockfileVersion": 2,
  "requires": true,
  "packages": {
    "": {
      "license": "TBD",
      "dependencies": {
        "glo-astn-tokenconsumer": "^0.8.0",
        "glo-pareto-common": "^0.22.0",
        "pareto-core-async": "^0.7.0",
        "pareto-core-data": "^0.2.3",
        "pareto-core-dev": "^0.2.2",
        "pareto-core-lib": "^0.21.2",
        "pareto-core-map": "^0.2.1",
        "pareto-core-state": "^0.15.0",
        "res-pareto-arithmetic": "^0.18.0",
        "res-pareto-boolean": "^0.21.0",
        "res-pareto-string": "^0.12.0",
        "res-pareto-tostring": "^0.24.0"
      }
    },
    "node_modules/glo-astn-tokenconsumer": {
      "version": "0.8.0",
      "resolved": "https://registry.npmjs.org/glo-astn-tokenconsumer/-/glo-astn-tokenconsumer-0.8.0.tgz",
      "integrity": "sha512-tvw1NvSOglU/rI4K3m4ZL/cO0zdXoZvz3dxBWuu68NEGEpXVTDlmzl1wC3sqdKnDQUhsoTGq81/9us7asFKX6Q==",
      "dependencies": {
        "pareto-core-types": "^0.12.0"
      }
    },
    "node_modules/glo-pareto-common": {
      "version": "0.22.0",
      "resolved": "https://registry.npmjs.org/glo-pareto-common/-/glo-pareto-common-0.22.0.tgz",
      "integrity": "sha512-nEJlGTBIUgmp35jJ7kN0U0wFlxuo9EBtsnpkJfYNPf/wSUBCKayKoE3zGh6Fqd4HiP5HvAZmuqZ89aaKzEDOrw==",
      "dependencies": {
        "pareto-core-types": "^0.12.0"
      }
    },
    "node_modules/pareto-core-async": {
      "version": "0.7.0",
      "resolved": "https://registry.npmjs.org/pareto-core-async/-/pareto-core-async-0.7.0.tgz",
      "integrity": "sha512-9vAAlsbSwNbH47j7bQER0Nys5mKtNEDuRplWcvq9hphzazSE2JVtQLBBKXzNAoQtbJfV97+49xeZscl85UApiQ==",
      "dependencies": {
        "pareto-core-internals": "^0.13.0"
      }
    },
    "node_modules/pareto-core-data": {
      "version": "0.2.3",
      "resolved": "https://registry.npmjs.org/pareto-core-data/-/pareto-core-data-0.2.3.tgz",
      "integrity": "sha512-AS3aAVJ1m9YyzawBRnFH7pIWbNoGhvDxH5SXSNCPem230Z3LFZNOGaxBp94DgpOiU/kAK0j0DqdJQWTzBBo+fg==",
      "dependencies": {
        "pareto-core-internals": "^0.13.0"
      }
    },
    "node_modules/pareto-core-dev": {
      "version": "0.2.2",
      "resolved": "https://registry.npmjs.org/pareto-core-dev/-/pareto-core-dev-0.2.2.tgz",
      "integrity": "sha512-qh3A2Jv0opkQwG8vs/fxQ1GxQvX9ecgRKMH8P4Zw/iCsU+7aUYhGQF+h053G7o57OenCogXIZxgX/rJYtMfN/Q==",
      "dependencies": {
        "pareto-core-internals": "^0.13.0"
      }
    },
    "node_modules/pareto-core-internals": {
      "version": "0.13.2",
      "resolved": "https://registry.npmjs.org/pareto-core-internals/-/pareto-core-internals-0.13.2.tgz",
      "integrity": "sha512-p+Xbd9aKGWr6tvpHnIV/uWHc8LEh62njaQClr8plM1G99rF14KXW2bVYNTlJXDJZ9HKuBY1I+zHDfa2pxoH/1w==",
      "dependencies": {
        "pareto-core-types": "^0.12.0"
      }
    },
    "node_modules/pareto-core-lib": {
      "version": "0.21.2",
      "resolved": "https://registry.npmjs.org/pareto-core-lib/-/pareto-core-lib-0.21.2.tgz",
      "integrity": "sha512-hCLtb1R7NYSSTxBs3H8XucdKjx6+egTudJ9jPMPYEUoBoOAAEM2wsZWEQLupPoBQf/v3uekpnwjq2wvn/4hpvA==",
      "dependencies": {
        "pareto-core-internals": "^0.13.0"
      }
    },
    "node_modules/pareto-core-map": {
      "version": "0.2.1",
      "resolved": "https://registry.npmjs.org/pareto-core-map/-/pareto-core-map-0.2.1.tgz",
      "integrity": "sha512-oKWbuI0UINIqtY8MBpisenO/76y4fjACWRBkrf8JwN4adMhN4udlHhrlI16OwHLnNGVcDVYSQ1zzD8aoY/8LmQ==",
      "dependencies": {
        "pareto-core-internals": "^0.13.0"
      }
    },
    "node_modules/pareto-core-state": {
      "version": "0.15.0",
      "resolved": "https://registry.npmjs.org/pareto-core-state/-/pareto-core-state-0.15.0.tgz",
      "integrity": "sha512-5KQRryP3qXowV+EoRyA3gV1eLotQzWW6/YIbWRaC1I0tWX0wQm6lIxp7yB9Z8KwV7WgVcrwFtuRwtFIzAMbijg==",
      "dependencies": {
        "pareto-core-internals": "^0.13.0"
      }
    },
    "node_modules/pareto-core-types": {
      "version": "0.12.0",
      "resolved": "https://registry.npmjs.org/pareto-core-types/-/pareto-core-types-0.12.0.tgz",
      "integrity": "sha512-cxQ3sI0kJby0o1xM6C6lMl2VFrK1cTTjMF3sSEKW9i3S1xJEnmXybh1oE4+tdIsQmQysDAGOZ0Awi/gzzjnJHw=="
    },
    "node_modules/res-pareto-arithmetic": {
      "version": "0.18.0",
      "resolved": "https://registry.npmjs.org/res-pareto-arithmetic/-/res-pareto-arithmetic-0.18.0.tgz",
      "integrity": "sha512-/YY4cgirLUevBJsZQd+g+uUxzjAhXEW+0MPCgAR4/+Us4kwwuSKMgutdw+SVbwvwIRrBjGFtv4KUTLofPWBq7w==",
      "dependencies": {
        "glo-pareto-common": "^0.22.0",
        "pareto-core-internals": "^0.13.0"
      }
    },
    "node_modules/res-pareto-boolean": {
      "version": "0.21.0",
      "resolved": "https://registry.npmjs.org/res-pareto-boolean/-/res-pareto-boolean-0.21.0.tgz",
      "integrity": "sha512-HMdAOsNqSeKOuB1YNJFHNbtMffUPcFySq6uRa1Z+sOkqdaLLmrNDXZENcRFYdC8x577XM5JYL4Ro51dHpumupQ==",
      "dependencies": {
        "glo-pareto-common": "^0.22.0",
        "pareto-core-internals": "^0.13.0"
      }
    },
    "node_modules/res-pareto-string": {
      "version": "0.12.0",
      "resolved": "https://registry.npmjs.org/res-pareto-string/-/res-pareto-string-0.12.0.tgz",
      "integrity": "sha512-IDVFq2ndAayhlshgS6/Nna3Y7Ragj+9KGkwPK4HwQIe4g6z3Sv2XYHL7Kb9JT8zfHSDu5CzrocIrhYQqKO0l4Q==",
      "dependencies": {
        "glo-pareto-common": "^0.22.0",
        "pareto-core-internals": "^0.13.0"
      }
    },
    "node_modules/res-pareto-tostring": {
      "version": "0.24.0",
      "resolved": "https://registry.npmjs.org/res-pareto-tostring/-/res-pareto-tostring-0.24.0.tgz",
      "integrity": "sha512-b4HvbAfK9OWYF7kfUjHsqV7v85nJixeSzuBcqvbXc6hcoN5sZ3uH+zr53DpAIMsGnqn+CspUw6rSVMWIJxzgFw==",
      "dependencies": {
        "glo-pareto-common": "^0.22.0",
        "pareto-core-internals": "^0.13.0"
      }
    }
  },
  "dependencies": {
    "glo-astn-tokenconsumer": {
      "version": "0.8.0",
      "resolved": "https://registry.npmjs.org/glo-astn-tokenconsumer/-/glo-astn-tokenconsumer-0.8.0.tgz",
      "integrity": "sha512-tvw1NvSOglU/rI4K3m4ZL/cO0zdXoZvz3dxBWuu68NEGEpXVTDlmzl1wC3sqdKnDQUhsoTGq81/9us7asFKX6Q==",
      "requires": {
        "pareto-core-types": "^0.12.0"
      }
    },
    "glo-pareto-common": {
      "version": "0.22.0",
      "resolved": "https://registry.npmjs.org/glo-pareto-common/-/glo-pareto-common-0.22.0.tgz",
      "integrity": "sha512-nEJlGTBIUgmp35jJ7kN0U0wFlxuo9EBtsnpkJfYNPf/wSUBCKayKoE3zGh6Fqd4HiP5HvAZmuqZ89aaKzEDOrw==",
      "requires": {
        "pareto-core-types": "^0.12.0"
      }
    },
    "pareto-core-async": {
      "version": "0.7.0",
      "resolved": "https://registry.npmjs.org/pareto-core-async/-/pareto-core-async-0.7.0.tgz",
      "integrity": "sha512-9vAAlsbSwNbH47j7bQER0Nys5mKtNEDuRplWcvq9hphzazSE2JVtQLBBKXzNAoQtbJfV97+49xeZscl85UApiQ==",
      "requires": {
        "pareto-core-internals": "^0.13.0"
      }
    },
    "pareto-core-data": {
      "version": "0.2.3",
      "resolved": "https://registry.npmjs.org/pareto-core-data/-/pareto-core-data-0.2.3.tgz",
      "integrity": "sha512-AS3aAVJ1m9YyzawBRnFH7pIWbNoGhvDxH5SXSNCPem230Z3LFZNOGaxBp94DgpOiU/kAK0j0DqdJQWTzBBo+fg==",
      "requires": {
        "pareto-core-internals": "^0.13.0"
      }
    },
    "pareto-core-dev": {
      "version": "0.2.2",
      "resolved": "https://registry.npmjs.org/pareto-core-dev/-/pareto-core-dev-0.2.2.tgz",
      "integrity": "sha512-qh3A2Jv0opkQwG8vs/fxQ1GxQvX9ecgRKMH8P4Zw/iCsU+7aUYhGQF+h053G7o57OenCogXIZxgX/rJYtMfN/Q==",
      "requires": {
        "pareto-core-internals": "^0.13.0"
      }
    },
    "pareto-core-internals": {
      "version": "0.13.2",
      "resolved": "https://registry.npmjs.org/pareto-core-internals/-/pareto-core-internals-0.13.2.tgz",
      "integrity": "sha512-p+Xbd9aKGWr6tvpHnIV/uWHc8LEh62njaQClr8plM1G99rF14KXW2bVYNTlJXDJZ9HKuBY1I+zHDfa2pxoH/1w==",
      "requires": {
        "pareto-core-types": "^0.12.0"
      }
    },
    "pareto-core-lib": {
      "version": "0.21.2",
      "resolved": "https://registry.npmjs.org/pareto-core-lib/-/pareto-core-lib-0.21.2.tgz",
      "integrity": "sha512-hCLtb1R7NYSSTxBs3H8XucdKjx6+egTudJ9jPMPYEUoBoOAAEM2wsZWEQLupPoBQf/v3uekpnwjq2wvn/4hpvA==",
      "requires": {
        "pareto-core-internals": "^0.13.0"
      }
    },
    "pareto-core-map": {
      "version": "0.2.1",
      "resolved": "https://registry.npmjs.org/pareto-core-map/-/pareto-core-map-0.2.1.tgz",
      "integrity": "sha512-oKWbuI0UINIqtY8MBpisenO/76y4fjACWRBkrf8JwN4adMhN4udlHhrlI16OwHLnNGVcDVYSQ1zzD8aoY/8LmQ==",
      "requires": {
        "pareto-core-internals": "^0.13.0"
      }
    },
    "pareto-core-state": {
      "version": "0.15.0",
      "resolved": "https://registry.npmjs.org/pareto-core-state/-/pareto-core-state-0.15.0.tgz",
      "integrity": "sha512-5KQRryP3qXowV+EoRyA3gV1eLotQzWW6/YIbWRaC1I0tWX0wQm6lIxp7yB9Z8KwV7WgVcrwFtuRwtFIzAMbijg==",
      "requires": {
        "pareto-core-internals": "^0.13.0"
      }
    },
    "pareto-core-types": {
      "version": "0.12.0",
      "resolved": "https://registry.npmjs.org/pareto-core-types/-/pareto-core-types-0.12.0.tgz",
      "integrity": "sha512-cxQ3sI0kJby0o1xM6C6lMl2VFrK1cTTjMF3sSEKW9i3S1xJEnmXybh1oE4+tdIsQmQysDAGOZ0Awi/gzzjnJHw=="
    },
    "res-pareto-arithmetic": {
      "version": "0.18.0",
      "resolved": "https://registry.npmjs.org/res-pareto-arithmetic/-/res-pareto-arithmetic-0.18.0.tgz",
      "integrity": "sha512-/YY4cgirLUevBJsZQd+g+uUxzjAhXEW+0MPCgAR4/+Us4kwwuSKMgutdw+SVbwvwIRrBjGFtv4KUTLofPWBq7w==",
      "requires": {
        "glo-pareto-common": "^0.22.0",
        "pareto-core-internals": "^0.13.0"
      }
    },
    "res-pareto-boolean": {
      "version": "0.21.0",
      "resolved": "https://registry.npmjs.org/res-pareto-boolean/-/res-pareto-boolean-0.21.0.tgz",
      "integrity": "sha512-HMdAOsNqSeKOuB1YNJFHNbtMffUPcFySq6uRa1Z+sOkqdaLLmrNDXZENcRFYdC8x577XM5JYL4Ro51dHpumupQ==",
      "requires": {
        "glo-pareto-common": "^0.22.0",
        "pareto-core-internals": "^0.13.0"
      }
    },
    "res-pareto-string": {
      "version": "0.12.0",
      "resolved": "https://registry.npmjs.org/res-pareto-string/-/res-pareto-string-0.12.0.tgz",
      "integrity": "sha512-IDVFq2ndAayhlshgS6/Nna3Y7Ragj+9KGkwPK4HwQIe4g6z3Sv2XYHL7Kb9JT8zfHSDu5CzrocIrhYQqKO0l4Q==",
      "requires": {
        "glo-pareto-common": "^0.22.0",
        "pareto-core-internals": "^0.13.0"
      }
    },
    "res-pareto-tostring": {
      "version": "0.24.0",
      "resolved": "https://registry.npmjs.org/res-pareto-tostring/-/res-pareto-tostring-0.24.0.tgz",
      "integrity": "sha512-b4HvbAfK9OWYF7kfUjHsqV7v85nJixeSzuBcqvbXc6hcoN5sZ3uH+zr53DpAIMsGnqn+CspUw6rSVMWIJxzgFw==",
      "requires": {
        "glo-pareto-common": "^0.22.0",
        "pareto-core-internals": "^0.13.0"
      }
    }
  }
}
